
Microsoft Visual Studio Solution File, Format Version 12.00
# Visual Studio Version 16
VisualStudioVersion = 16.0.29230.47
MinimumVisualStudioVersion = 10.0.40219.1
Project("{FAE04EC0-301F-11D3-BF4B-00C04F79EFBC}") = "1", "1\1.csproj", "{EC01E33F-9D97-4809-93B6-69901E35B47F}"
EndProject
Global
	GlobalSection(SolutionConfigurationPlatforms) = preSolution
		Debug|Any CPU = Debug|Any CPU
		Release|Any CPU = Release|Any CPU
	EndGlobalSection
	GlobalSection(ProjectConfigurationPlatforms) = postSolution
		{EC01E33F-9D97-4809-93B6-69901E35B47F}.Debug|Any CPU.ActiveCfg = Debug|Any CPU
		{EC01E33F-9D97-4809-93B6-69901E35B47F}.Debug|Any CPU.Build.0 = Debug|Any CPU
		{EC01E33F-9D97-4809-93B6-69901E35B47F}.Release|Any CPU.ActiveCfg = Release|Any CPU
		{EC01E33F-9D97-4809-93B6-69901E35B47F}.Release|Any CPU.Build.0 = Release|Any CPU
	EndGlobalSection
	GlobalSection(SolutionProperties) = preSolution
		HideSolutionNode = FALSE
	EndGlobalSection
	GlobalSection(ExtensibilityGlobals) = postSolution
		SolutionGuid = {2F0C59A4-C15F-43E4-BBA2-E6EC3F3DD1E6}
	EndGlobalSection
EndGlobal
