
Microsoft Visual Studio Solution File, Format Version 12.00
# Visual Studio Version 16
VisualStudioVersion = 16.0.29230.47
MinimumVisualStudioVersion = 10.0.40219.1
Project("{FAE04EC0-301F-11D3-BF4B-00C04F79EFBC}") = "5", "5\5.csproj", "{380E3F25-B374-4CB1-BAF8-B38B7328F9D6}"
EndProject
Global
	GlobalSection(SolutionConfigurationPlatforms) = preSolution
		Debug|Any CPU = Debug|Any CPU
		Release|Any CPU = Release|Any CPU
	EndGlobalSection
	GlobalSection(ProjectConfigurationPlatforms) = postSolution
		{380E3F25-B374-4CB1-BAF8-B38B7328F9D6}.Debug|Any CPU.ActiveCfg = Debug|Any CPU
		{380E3F25-B374-4CB1-BAF8-B38B7328F9D6}.Debug|Any CPU.Build.0 = Debug|Any CPU
		{380E3F25-B374-4CB1-BAF8-B38B7328F9D6}.Release|Any CPU.ActiveCfg = Release|Any CPU
		{380E3F25-B374-4CB1-BAF8-B38B7328F9D6}.Release|Any CPU.Build.0 = Release|Any CPU
	EndGlobalSection
	GlobalSection(SolutionProperties) = preSolution
		HideSolutionNode = FALSE
	EndGlobalSection
	GlobalSection(ExtensibilityGlobals) = postSolution
		SolutionGuid = {CB6A13CB-24B1-43EA-BCCC-6B3CD02BB9DD}
	EndGlobalSection
EndGlobal
